
Microsoft Visual Studio Solution File, Format Version 12.00
# Visual Studio Version 16
VisualStudioVersion = 16.0.30320.27
MinimumVisualStudioVersion = 10.0.40219.1
Project("{FAE04EC0-301F-11D3-BF4B-00C04F79EFBC}") = "ConsoleApp3", "ConsoleApp3\ConsoleApp3.csproj", "{591F71EA-12FF-4DB5-88D9-573E6F99A550}"
EndProject
Global
	GlobalSection(SolutionConfigurationPlatforms) = preSolution
		Debug|Any CPU = Debug|Any CPU
		Release|Any CPU = Release|Any CPU
	EndGlobalSection
	GlobalSection(ProjectConfigurationPlatforms) = postSolution
		{591F71EA-12FF-4DB5-88D9-573E6F99A550}.Debug|Any CPU.ActiveCfg = Debug|Any CPU
		{591F71EA-12FF-4DB5-88D9-573E6F99A550}.Debug|Any CPU.Build.0 = Debug|Any CPU
		{591F71EA-12FF-4DB5-88D9-573E6F99A550}.Release|Any CPU.ActiveCfg = Release|Any CPU
		{591F71EA-12FF-4DB5-88D9-573E6F99A550}.Release|Any CPU.Build.0 = Release|Any CPU
	EndGlobalSection
	GlobalSection(SolutionProperties) = preSolution
		HideSolutionNode = FALSE
	EndGlobalSection
	GlobalSection(ExtensibilityGlobals) = postSolution
		SolutionGuid = {8C17A3EC-1CE6-462A-A059-AAB9ED0E9FBE}
	EndGlobalSection
EndGlobal
